
Microsoft Visual Studio Solution File, Format Version 12.00
# Visual Studio Version 16
VisualStudioVersion = 16.0.30011.22
MinimumVisualStudioVersion = 10.0.40219.1
Project("{FAE04EC0-301F-11D3-BF4B-00C04F79EFBC}") = "SayininOkunusu", "SayininOkunusu\SayininOkunusu.csproj", "{33BA9C7B-3E34-4D37-A9FE-B0221DE5ADA3}"
EndProject
Global
	GlobalSection(SolutionConfigurationPlatforms) = preSolution
		Debug|Any CPU = Debug|Any CPU
		Release|Any CPU = Release|Any CPU
	EndGlobalSection
	GlobalSection(ProjectConfigurationPlatforms) = postSolution
		{33BA9C7B-3E34-4D37-A9FE-B0221DE5ADA3}.Debug|Any CPU.ActiveCfg = Debug|Any CPU
		{33BA9C7B-3E34-4D37-A9FE-B0221DE5ADA3}.Debug|Any CPU.Build.0 = Debug|Any CPU
		{33BA9C7B-3E34-4D37-A9FE-B0221DE5ADA3}.Release|Any CPU.ActiveCfg = Release|Any CPU
		{33BA9C7B-3E34-4D37-A9FE-B0221DE5ADA3}.Release|Any CPU.Build.0 = Release|Any CPU
	EndGlobalSection
	GlobalSection(SolutionProperties) = preSolution
		HideSolutionNode = FALSE
	EndGlobalSection
	GlobalSection(ExtensibilityGlobals) = postSolution
		SolutionGuid = {8D127D36-300D-4290-A011-4DB810F1399A}
	EndGlobalSection
EndGlobal
