
Microsoft Visual Studio Solution File, Format Version 12.00
# Visual Studio Version 16
VisualStudioVersion = 16.0.29613.14
MinimumVisualStudioVersion = 10.0.40219.1
Project("{FAE04EC0-301F-11D3-BF4B-00C04F79EFBC}") = "TersYazdırma", "TersYazdırma\TersYazdırma.csproj", "{2417ED23-0200-479E-A27B-688E16181748}"
EndProject
Global
	GlobalSection(SolutionConfigurationPlatforms) = preSolution
		Debug|Any CPU = Debug|Any CPU
		Release|Any CPU = Release|Any CPU
	EndGlobalSection
	GlobalSection(ProjectConfigurationPlatforms) = postSolution
		{2417ED23-0200-479E-A27B-688E16181748}.Debug|Any CPU.ActiveCfg = Debug|Any CPU
		{2417ED23-0200-479E-A27B-688E16181748}.Debug|Any CPU.Build.0 = Debug|Any CPU
		{2417ED23-0200-479E-A27B-688E16181748}.Release|Any CPU.ActiveCfg = Release|Any CPU
		{2417ED23-0200-479E-A27B-688E16181748}.Release|Any CPU.Build.0 = Release|Any CPU
	EndGlobalSection
	GlobalSection(SolutionProperties) = preSolution
		HideSolutionNode = FALSE
	EndGlobalSection
	GlobalSection(ExtensibilityGlobals) = postSolution
		SolutionGuid = {41D5870C-E7E6-45B3-94D6-D48B5923125A}
	EndGlobalSection
EndGlobal
