
Microsoft Visual Studio Solution File, Format Version 12.00
# Visual Studio Version 16
VisualStudioVersion = 16.0.29613.14
MinimumVisualStudioVersion = 10.0.40219.1
Project("{FAE04EC0-301F-11D3-BF4B-00C04F79EFBC}") = "Palindrom", "Palindrom\Palindrom.csproj", "{03C0B576-D5BE-4B3A-9EAA-3F9373C1E475}"
EndProject
Global
	GlobalSection(SolutionConfigurationPlatforms) = preSolution
		Debug|Any CPU = Debug|Any CPU
		Release|Any CPU = Release|Any CPU
	EndGlobalSection
	GlobalSection(ProjectConfigurationPlatforms) = postSolution
		{03C0B576-D5BE-4B3A-9EAA-3F9373C1E475}.Debug|Any CPU.ActiveCfg = Debug|Any CPU
		{03C0B576-D5BE-4B3A-9EAA-3F9373C1E475}.Debug|Any CPU.Build.0 = Debug|Any CPU
		{03C0B576-D5BE-4B3A-9EAA-3F9373C1E475}.Release|Any CPU.ActiveCfg = Release|Any CPU
		{03C0B576-D5BE-4B3A-9EAA-3F9373C1E475}.Release|Any CPU.Build.0 = Release|Any CPU
	EndGlobalSection
	GlobalSection(SolutionProperties) = preSolution
		HideSolutionNode = FALSE
	EndGlobalSection
	GlobalSection(ExtensibilityGlobals) = postSolution
		SolutionGuid = {A0901017-8D21-4048-84AF-B205BC0B5262}
	EndGlobalSection
EndGlobal
