
Microsoft Visual Studio Solution File, Format Version 12.00
# Visual Studio Version 16
VisualStudioVersion = 16.0.29613.14
MinimumVisualStudioVersion = 10.0.40219.1
Project("{FAE04EC0-301F-11D3-BF4B-00C04F79EFBC}") = "KonsolYankı", "KonsolYankı\KonsolYankı.csproj", "{C1B578E7-B6A3-45D4-9CFE-9326F5032F78}"
EndProject
Global
	GlobalSection(SolutionConfigurationPlatforms) = preSolution
		Debug|Any CPU = Debug|Any CPU
		Release|Any CPU = Release|Any CPU
	EndGlobalSection
	GlobalSection(ProjectConfigurationPlatforms) = postSolution
		{C1B578E7-B6A3-45D4-9CFE-9326F5032F78}.Debug|Any CPU.ActiveCfg = Debug|Any CPU
		{C1B578E7-B6A3-45D4-9CFE-9326F5032F78}.Debug|Any CPU.Build.0 = Debug|Any CPU
		{C1B578E7-B6A3-45D4-9CFE-9326F5032F78}.Release|Any CPU.ActiveCfg = Release|Any CPU
		{C1B578E7-B6A3-45D4-9CFE-9326F5032F78}.Release|Any CPU.Build.0 = Release|Any CPU
	EndGlobalSection
	GlobalSection(SolutionProperties) = preSolution
		HideSolutionNode = FALSE
	EndGlobalSection
	GlobalSection(ExtensibilityGlobals) = postSolution
		SolutionGuid = {7686FFC6-E864-4D96-9A84-5922EEC8875B}
	EndGlobalSection
EndGlobal
