
Microsoft Visual Studio Solution File, Format Version 12.00
# Visual Studio Version 16
VisualStudioVersion = 16.0.29613.14
MinimumVisualStudioVersion = 10.0.40219.1
Project("{FAE04EC0-301F-11D3-BF4B-00C04F79EFBC}") = "DosyaIslemleri", "DosyaIslemleri\DosyaIslemleri.csproj", "{510BADAC-0831-4E25-A442-CE432E943B5E}"
EndProject
Global
	GlobalSection(SolutionConfigurationPlatforms) = preSolution
		Debug|Any CPU = Debug|Any CPU
		Release|Any CPU = Release|Any CPU
	EndGlobalSection
	GlobalSection(ProjectConfigurationPlatforms) = postSolution
		{510BADAC-0831-4E25-A442-CE432E943B5E}.Debug|Any CPU.ActiveCfg = Debug|Any CPU
		{510BADAC-0831-4E25-A442-CE432E943B5E}.Debug|Any CPU.Build.0 = Debug|Any CPU
		{510BADAC-0831-4E25-A442-CE432E943B5E}.Release|Any CPU.ActiveCfg = Release|Any CPU
		{510BADAC-0831-4E25-A442-CE432E943B5E}.Release|Any CPU.Build.0 = Release|Any CPU
	EndGlobalSection
	GlobalSection(SolutionProperties) = preSolution
		HideSolutionNode = FALSE
	EndGlobalSection
	GlobalSection(ExtensibilityGlobals) = postSolution
		SolutionGuid = {EDF65377-1A26-461B-A142-E6313996FBE1}
	EndGlobalSection
EndGlobal
