
Microsoft Visual Studio Solution File, Format Version 12.00
# Visual Studio Version 16
VisualStudioVersion = 16.0.29613.14
MinimumVisualStudioVersion = 10.0.40219.1
Project("{FAE04EC0-301F-11D3-BF4B-00C04F79EFBC}") = "Matrix", "Matrix\Matrix.csproj", "{094C21E3-05EF-4BFE-93AA-A6154C38A326}"
EndProject
Global
	GlobalSection(SolutionConfigurationPlatforms) = preSolution
		Debug|Any CPU = Debug|Any CPU
		Release|Any CPU = Release|Any CPU
	EndGlobalSection
	GlobalSection(ProjectConfigurationPlatforms) = postSolution
		{094C21E3-05EF-4BFE-93AA-A6154C38A326}.Debug|Any CPU.ActiveCfg = Debug|Any CPU
		{094C21E3-05EF-4BFE-93AA-A6154C38A326}.Debug|Any CPU.Build.0 = Debug|Any CPU
		{094C21E3-05EF-4BFE-93AA-A6154C38A326}.Release|Any CPU.ActiveCfg = Release|Any CPU
		{094C21E3-05EF-4BFE-93AA-A6154C38A326}.Release|Any CPU.Build.0 = Release|Any CPU
	EndGlobalSection
	GlobalSection(SolutionProperties) = preSolution
		HideSolutionNode = FALSE
	EndGlobalSection
	GlobalSection(ExtensibilityGlobals) = postSolution
		SolutionGuid = {91D92273-68C7-46E2-9065-89B2D23D657B}
	EndGlobalSection
EndGlobal
