
Microsoft Visual Studio Solution File, Format Version 12.00
# Visual Studio Version 16
VisualStudioVersion = 16.0.29613.14
MinimumVisualStudioVersion = 10.0.40219.1
Project("{FAE04EC0-301F-11D3-BF4B-00C04F79EFBC}") = "KonsolOyunu", "KonsolOyunu\KonsolOyunu.csproj", "{DD37A2E4-49AC-4CB0-879A-C8D8DC87B835}"
EndProject
Global
	GlobalSection(SolutionConfigurationPlatforms) = preSolution
		Debug|Any CPU = Debug|Any CPU
		Release|Any CPU = Release|Any CPU
	EndGlobalSection
	GlobalSection(ProjectConfigurationPlatforms) = postSolution
		{DD37A2E4-49AC-4CB0-879A-C8D8DC87B835}.Debug|Any CPU.ActiveCfg = Debug|Any CPU
		{DD37A2E4-49AC-4CB0-879A-C8D8DC87B835}.Debug|Any CPU.Build.0 = Debug|Any CPU
		{DD37A2E4-49AC-4CB0-879A-C8D8DC87B835}.Release|Any CPU.ActiveCfg = Release|Any CPU
		{DD37A2E4-49AC-4CB0-879A-C8D8DC87B835}.Release|Any CPU.Build.0 = Release|Any CPU
	EndGlobalSection
	GlobalSection(SolutionProperties) = preSolution
		HideSolutionNode = FALSE
	EndGlobalSection
	GlobalSection(ExtensibilityGlobals) = postSolution
		SolutionGuid = {4D5FE0D5-AFA5-4244-B3FC-6BB2C619D7DB}
	EndGlobalSection
EndGlobal
