
Microsoft Visual Studio Solution File, Format Version 12.00
# Visual Studio Version 16
VisualStudioVersion = 16.0.29613.14
MinimumVisualStudioVersion = 10.0.40219.1
Project("{FAE04EC0-301F-11D3-BF4B-00C04F79EFBC}") = "YıldızlarlaPiramit", "YıldızlarlaPiramit\YıldızlarlaPiramit.csproj", "{28191DA3-85D5-47FC-B86F-930952D3F9F9}"
EndProject
Global
	GlobalSection(SolutionConfigurationPlatforms) = preSolution
		Debug|Any CPU = Debug|Any CPU
		Release|Any CPU = Release|Any CPU
	EndGlobalSection
	GlobalSection(ProjectConfigurationPlatforms) = postSolution
		{28191DA3-85D5-47FC-B86F-930952D3F9F9}.Debug|Any CPU.ActiveCfg = Debug|Any CPU
		{28191DA3-85D5-47FC-B86F-930952D3F9F9}.Debug|Any CPU.Build.0 = Debug|Any CPU
		{28191DA3-85D5-47FC-B86F-930952D3F9F9}.Release|Any CPU.ActiveCfg = Release|Any CPU
		{28191DA3-85D5-47FC-B86F-930952D3F9F9}.Release|Any CPU.Build.0 = Release|Any CPU
	EndGlobalSection
	GlobalSection(SolutionProperties) = preSolution
		HideSolutionNode = FALSE
	EndGlobalSection
	GlobalSection(ExtensibilityGlobals) = postSolution
		SolutionGuid = {1419B46D-4E6C-43CB-8205-82E7832F0353}
	EndGlobalSection
EndGlobal
