
Microsoft Visual Studio Solution File, Format Version 12.00
# Visual Studio Version 16
VisualStudioVersion = 16.0.29613.14
MinimumVisualStudioVersion = 10.0.40219.1
Project("{FAE04EC0-301F-11D3-BF4B-00C04F79EFBC}") = "10xMerhabaPRO", "10xMerhabaPRO\10xMerhabaPRO.csproj", "{CDA8BAEF-1FEA-49FD-B1F2-16F79951B891}"
EndProject
Global
	GlobalSection(SolutionConfigurationPlatforms) = preSolution
		Debug|Any CPU = Debug|Any CPU
		Release|Any CPU = Release|Any CPU
	EndGlobalSection
	GlobalSection(ProjectConfigurationPlatforms) = postSolution
		{CDA8BAEF-1FEA-49FD-B1F2-16F79951B891}.Debug|Any CPU.ActiveCfg = Debug|Any CPU
		{CDA8BAEF-1FEA-49FD-B1F2-16F79951B891}.Debug|Any CPU.Build.0 = Debug|Any CPU
		{CDA8BAEF-1FEA-49FD-B1F2-16F79951B891}.Release|Any CPU.ActiveCfg = Release|Any CPU
		{CDA8BAEF-1FEA-49FD-B1F2-16F79951B891}.Release|Any CPU.Build.0 = Release|Any CPU
	EndGlobalSection
	GlobalSection(SolutionProperties) = preSolution
		HideSolutionNode = FALSE
	EndGlobalSection
	GlobalSection(ExtensibilityGlobals) = postSolution
		SolutionGuid = {EEB9EE16-54F6-4C78-B218-ED3F8AAF67C0}
	EndGlobalSection
EndGlobal
