
Microsoft Visual Studio Solution File, Format Version 12.00
# Visual Studio Version 16
VisualStudioVersion = 16.0.29613.14
MinimumVisualStudioVersion = 10.0.40219.1
Project("{FAE04EC0-301F-11D3-BF4B-00C04F79EFBC}") = "TumAsalSayilar", "TumAsalSayilar\TumAsalSayilar.csproj", "{B72EC064-5FEE-4F1E-8084-0EFE59A3759F}"
EndProject
Global
	GlobalSection(SolutionConfigurationPlatforms) = preSolution
		Debug|Any CPU = Debug|Any CPU
		Release|Any CPU = Release|Any CPU
	EndGlobalSection
	GlobalSection(ProjectConfigurationPlatforms) = postSolution
		{B72EC064-5FEE-4F1E-8084-0EFE59A3759F}.Debug|Any CPU.ActiveCfg = Debug|Any CPU
		{B72EC064-5FEE-4F1E-8084-0EFE59A3759F}.Debug|Any CPU.Build.0 = Debug|Any CPU
		{B72EC064-5FEE-4F1E-8084-0EFE59A3759F}.Release|Any CPU.ActiveCfg = Release|Any CPU
		{B72EC064-5FEE-4F1E-8084-0EFE59A3759F}.Release|Any CPU.Build.0 = Release|Any CPU
	EndGlobalSection
	GlobalSection(SolutionProperties) = preSolution
		HideSolutionNode = FALSE
	EndGlobalSection
	GlobalSection(ExtensibilityGlobals) = postSolution
		SolutionGuid = {5476A89A-A57C-4E78-87FF-98D2CA16866B}
	EndGlobalSection
EndGlobal
