
Microsoft Visual Studio Solution File, Format Version 12.00
# Visual Studio Version 16
VisualStudioVersion = 16.0.29613.14
MinimumVisualStudioVersion = 10.0.40219.1
Project("{FAE04EC0-301F-11D3-BF4B-00C04F79EFBC}") = "Diziler", "Diziler\Diziler.csproj", "{1DC5A950-CF61-47AE-ACCE-7CDFBC5AD90D}"
EndProject
Global
	GlobalSection(SolutionConfigurationPlatforms) = preSolution
		Debug|Any CPU = Debug|Any CPU
		Release|Any CPU = Release|Any CPU
	EndGlobalSection
	GlobalSection(ProjectConfigurationPlatforms) = postSolution
		{1DC5A950-CF61-47AE-ACCE-7CDFBC5AD90D}.Debug|Any CPU.ActiveCfg = Debug|Any CPU
		{1DC5A950-CF61-47AE-ACCE-7CDFBC5AD90D}.Debug|Any CPU.Build.0 = Debug|Any CPU
		{1DC5A950-CF61-47AE-ACCE-7CDFBC5AD90D}.Release|Any CPU.ActiveCfg = Release|Any CPU
		{1DC5A950-CF61-47AE-ACCE-7CDFBC5AD90D}.Release|Any CPU.Build.0 = Release|Any CPU
	EndGlobalSection
	GlobalSection(SolutionProperties) = preSolution
		HideSolutionNode = FALSE
	EndGlobalSection
	GlobalSection(ExtensibilityGlobals) = postSolution
		SolutionGuid = {1D79D979-E309-4076-99C1-C0215294C8F6}
	EndGlobalSection
EndGlobal
