
Microsoft Visual Studio Solution File, Format Version 12.00
# Visual Studio Version 16
VisualStudioVersion = 16.0.29613.14
MinimumVisualStudioVersion = 10.0.40219.1
Project("{FAE04EC0-301F-11D3-BF4B-00C04F79EFBC}") = "AutoMorphicNumber", "AutoMorphicNumber\AutoMorphicNumber.csproj", "{0D18DF29-832D-4691-A073-9EABAD7F7EBA}"
EndProject
Global
	GlobalSection(SolutionConfigurationPlatforms) = preSolution
		Debug|Any CPU = Debug|Any CPU
		Release|Any CPU = Release|Any CPU
	EndGlobalSection
	GlobalSection(ProjectConfigurationPlatforms) = postSolution
		{0D18DF29-832D-4691-A073-9EABAD7F7EBA}.Debug|Any CPU.ActiveCfg = Debug|Any CPU
		{0D18DF29-832D-4691-A073-9EABAD7F7EBA}.Debug|Any CPU.Build.0 = Debug|Any CPU
		{0D18DF29-832D-4691-A073-9EABAD7F7EBA}.Release|Any CPU.ActiveCfg = Release|Any CPU
		{0D18DF29-832D-4691-A073-9EABAD7F7EBA}.Release|Any CPU.Build.0 = Release|Any CPU
	EndGlobalSection
	GlobalSection(SolutionProperties) = preSolution
		HideSolutionNode = FALSE
	EndGlobalSection
	GlobalSection(ExtensibilityGlobals) = postSolution
		SolutionGuid = {87AB7F97-3285-4D68-BB75-80DC045A04FF}
	EndGlobalSection
EndGlobal
